
Microsoft Visual Studio Solution File, Format Version 12.00
# Visual Studio Version 17
VisualStudioVersion = 17.14.36221.1 d17.14
MinimumVisualStudioVersion = 10.0.40219.1
Project("{FAE04EC0-301F-11D3-BF4B-00C04F79EFBC}") = "cicekgo.API", "cicekgo.API\cicekgo.API.csproj", "{D55E4400-D48B-4249-8517-BCC6C1CF5627}"
EndProject
Project("{FAE04EC0-301F-11D3-BF4B-00C04F79EFBC}") = "cicekgo.Business", "cicekgo.Business\cicekgo.Business.csproj", "{C46C115B-8FC9-4FCA-A297-36755B7CA4EE}"
EndProject
Project("{FAE04EC0-301F-11D3-BF4B-00C04F79EFBC}") = "cicekgo.Data", "cicekgo.Data\cicekgo.Data.csproj", "{ACC2158F-F88C-49A9-9C81-04CFCC020014}"
EndProject
Project("{FAE04EC0-301F-11D3-BF4B-00C04F79EFBC}") = "cicekgo.Core", "cicekgo.Core\cicekgo.Core.csproj", "{C8175850-7D76-41C4-8D5A-C60738961D28}"
EndProject
Project("{FAE04EC0-301F-11D3-BF4B-00C04F79EFBC}") = "cicekgo.Domain", "cicekgo.Domain\cicekgo.Domain.csproj", "{8043A839-DCE6-4185-AFCB-FF6E2DD6D00E}"
EndProject
Global
	GlobalSection(SolutionConfigurationPlatforms) = preSolution
		Debug|Any CPU = Debug|Any CPU
		Release|Any CPU = Release|Any CPU
	EndGlobalSection
	GlobalSection(ProjectConfigurationPlatforms) = postSolution
		{D55E4400-D48B-4249-8517-BCC6C1CF5627}.Debug|Any CPU.ActiveCfg = Debug|Any CPU
		{D55E4400-D48B-4249-8517-BCC6C1CF5627}.Debug|Any CPU.Build.0 = Debug|Any CPU
		{D55E4400-D48B-4249-8517-BCC6C1CF5627}.Release|Any CPU.ActiveCfg = Release|Any CPU
		{D55E4400-D48B-4249-8517-BCC6C1CF5627}.Release|Any CPU.Build.0 = Release|Any CPU
		{C46C115B-8FC9-4FCA-A297-36755B7CA4EE}.Debug|Any CPU.ActiveCfg = Debug|Any CPU
		{C46C115B-8FC9-4FCA-A297-36755B7CA4EE}.Debug|Any CPU.Build.0 = Debug|Any CPU
		{C46C115B-8FC9-4FCA-A297-36755B7CA4EE}.Release|Any CPU.ActiveCfg = Release|Any CPU
		{C46C115B-8FC9-4FCA-A297-36755B7CA4EE}.Release|Any CPU.Build.0 = Release|Any CPU
		{ACC2158F-F88C-49A9-9C81-04CFCC020014}.Debug|Any CPU.ActiveCfg = Debug|Any CPU
		{ACC2158F-F88C-49A9-9C81-04CFCC020014}.Debug|Any CPU.Build.0 = Debug|Any CPU
		{ACC2158F-F88C-49A9-9C81-04CFCC020014}.Release|Any CPU.ActiveCfg = Release|Any CPU
		{ACC2158F-F88C-49A9-9C81-04CFCC020014}.Release|Any CPU.Build.0 = Release|Any CPU
		{C8175850-7D76-41C4-8D5A-C60738961D28}.Debug|Any CPU.ActiveCfg = Debug|Any CPU
		{C8175850-7D76-41C4-8D5A-C60738961D28}.Debug|Any CPU.Build.0 = Debug|Any CPU
		{C8175850-7D76-41C4-8D5A-C60738961D28}.Release|Any CPU.ActiveCfg = Release|Any CPU
		{C8175850-7D76-41C4-8D5A-C60738961D28}.Release|Any CPU.Build.0 = Release|Any CPU
		{8043A839-DCE6-4185-AFCB-FF6E2DD6D00E}.Debug|Any CPU.ActiveCfg = Debug|Any CPU
		{8043A839-DCE6-4185-AFCB-FF6E2DD6D00E}.Debug|Any CPU.Build.0 = Debug|Any CPU
		{8043A839-DCE6-4185-AFCB-FF6E2DD6D00E}.Release|Any CPU.ActiveCfg = Release|Any CPU
		{8043A839-DCE6-4185-AFCB-FF6E2DD6D00E}.Release|Any CPU.Build.0 = Release|Any CPU
	EndGlobalSection
	GlobalSection(SolutionProperties) = preSolution
		HideSolutionNode = FALSE
	EndGlobalSection
	GlobalSection(ExtensibilityGlobals) = postSolution
		SolutionGuid = {5F7B276A-FA46-457C-96B5-C0FB04A9844E}
	EndGlobalSection
EndGlobal
